// !$*UTF8*$!
{
	archiveVersion = 1;
	classes = {
	};
	objectVersion = 46;
	objects = {

/* Begin PBXBuildFile section */
		5FED30681AA5C89000164BC1 /* main.cpp in Sources */ = {isa = PBXBuildFile; fileRef = 5FED30671AA5C89000164BC1 /* main.cpp */; };
		5FED30701AA5C8CF00164BC1 /* MyClass.cpp in Sources */ = {isa = PBXBuildFile; fileRef = 5FED306E1AA5C8CF00164BC1 /* MyClass.cpp */; };
/* End PBXBuildFile section */

/* Begin PBXCopyFilesBuildPhase section */
		5FED30621AA5C89000164BC1 /* CopyFiles */ = {
			isa = PBXCopyFilesBuildPhase;
			buildActionMask = 2147483647;
			dstPath = /usr/share/man/man1/;
			dstSubfolderSpec = 0;
			files = (
			);
			runOnlyForDeploymentPostprocessing = 1;
		};
/* End PBXCopyFilesBuildPhase section */

/* Begin PBXFileReference section */
		5FED30641AA5C89000164BC1 /* cppVirtual */ = {isa = PBXFileReference; explicitFileType = "compiled.mach-o.executable"; includeInIndex = 0; path = cppVirtual; sourceTree = BUILT_PRODUCTS_DIR; };
		5FED30671AA5C89000164BC1 /* main.cpp */ = {isa = PBXFileReference; lastKnownFileType = sourcecode.cpp.cpp; path = main.cpp; sourceTree = "<group>"; };
		5FED306E1AA5C8CF00164BC1 /* MyClass.cpp */ = {isa = PBXFileReference; fileEncoding = 4; lastKnownFileType = sourcecode.cpp.cpp; path = MyClass.cpp; sourceTree = "<group>"; };
		5FED306F1AA5C8CF00164BC1 /* MyClass.h */ = {isa = PBXFileReference; fileEncoding = 4; lastKnownFileType = sourcecode.c.h; path = MyClass.h; sourceTree = "<group>"; };
/* End PBXFileReference section */

/* Begin PBXFrameworksBuildPhase section */
		5FED30611AA5C89000164BC1 /* Frameworks */ = {
			isa = PBXFrameworksBuildPhase;
			buildActionMask = 2147483647;
			files = (
			);
			runOnlyForDeploymentPostprocessing = 0;
		};
/* End PBXFrameworksBuildPhase section */

/* Begin PBXGroup section */
		5FED305B1AA5C89000164BC1 = {
			isa = PBXGroup;
			children = (
				5FED30661AA5C89000164BC1 /* cppVirtual */,
				5FED30651AA5C89000164BC1 /* Products */,
			);
			sourceTree = "<group>";
		};
		5FED30651AA5C89000164BC1 /* Products */ = {
			isa = PBXGroup;
			children = (
				5FED30641AA5C89000164BC1 /* cppVirtual */,
			);
			name = Products;
			sourceTree = "<group>";
		};
		5FED30661AA5C89000164BC1 /* cppVirtual */ = {
			isa = PBXGroup;
			children = (
				5FED30671AA5C89000164BC1 /* main.cpp */,
				5FED306E1AA5C8CF00164BC1 /* MyClass.cpp */,
				5FED306F1AA5C8CF00164BC1 /* MyClass.h */,
			);
			path = cppVirtual;
			sourceTree = "<group>";
		};
/* End PBXGroup section */

/* Begin PBXNativeTarget section */
		5FED30631AA5C89000164BC1 /* cppVirtual */ = {
			isa = PBXNativeTarget;
			buildConfigurationList = 5FED306B1AA5C89000164BC1 /* Build configuration list for PBXNativeTarget "cppVirtual" */;
			buildPhases = (
				5FED30601AA5C89000164BC1 /* Sources */,
				5FED30611AA5C89000164BC1 /* Frameworks */,
				5FED30621AA5C89000164BC1 /* CopyFiles */,
			);
			buildRules = (
			);
			dependencies = (
			);
			name = cppVirtual;
			productName = cppVirtual;
			productReference = 5FED30641AA5C89000164BC1 /* cppVirtual */;
			productType = "com.apple.product-type.tool";
		};
/* End PBXNativeTarget section */

/* Begin PBXProject section */
		5FED305C1AA5C89000164BC1 /* Project object */ = {
			isa = PBXProject;
			attributes = {
				LastUpgradeCheck = 0610;
				ORGANIZATIONNAME = RG;
				TargetAttributes = {
					5FED30631AA5C89000164BC1 = {
						CreatedOnToolsVersion = 6.1;
					};
				};
			};
			buildConfigurationList = 5FED305F1AA5C89000164BC1 /* Build configuration list for PBXProject "cppVirtual" */;
			compatibilityVersion = "Xcode 3.2";
			developmentRegion = English;
			hasScannedForEncodings = 0;
			knownRegions = (
				en,
			);
			mainGroup = 5FED305B1AA5C89000164BC1;
			productRefGroup = 5FED30651AA5C89000164BC1 /* Products */;
			projectDirPath = "";
			projectRoot = "";
			targets = (
				5FED30631AA5C89000164BC1 /* cppVirtual */,
			);
		};
/* End PBXProject section */

/* Begin PBXSourcesBuildPhase section */
		5FED30601AA5C89000164BC1 /* Sources */ = {
			isa = PBXSourcesBuildPhase;
			buildActionMask = 2147483647;
			files = (
				5FED30681AA5C89000164BC1 /* main.cpp in Sources */,
				5FED30701AA5C8CF00164BC1 /* MyClass.cpp in Sources */,
			);
			runOnlyForDeploymentPostprocessing = 0;
		};
/* End PBXSourcesBuildPhase section */

/* Begin XCBuildConfiguration section */
		5FED30691AA5C89000164BC1 /* Debug */ = {
			isa = XCBuildConfiguration;
			buildSettings = {
				ALWAYS_SEARCH_USER_PATHS = NO;
				CLANG_CXX_LANGUAGE_STANDARD = "gnu++0x";
				CLANG_CXX_LIBRARY = "libc++";
				CLANG_ENABLE_MODULES = YES;
				CLANG_ENABLE_OBJC_ARC = YES;
				CLANG_WARN_BOOL_CONVERSION = YES;
				CLANG_WARN_CONSTANT_CONVERSION = YES;
				CLANG_WARN_DIRECT_OBJC_ISA_USAGE = YES_ERROR;
				CLANG_WARN_EMPTY_BODY = YES;
				CLANG_WARN_ENUM_CONVERSION = YES;
				CLANG_WARN_INT_CONVERSION = YES;
				CLANG_WARN_OBJC_ROOT_CLASS = YES_ERROR;
				CLANG_WARN_UNREACHABLE_CODE = YES;
				CLANG_WARN__DUPLICATE_METHOD_MATCH = YES;
				COPY_PHASE_STRIP = NO;
				ENABLE_STRICT_OBJC_MSGSEND = YES;
				GCC_C_LANGUAGE_STANDARD = gnu99;
				GCC_DYNAMIC_NO_PIC = NO;
				GCC_OPTIMIZATION_LEVEL = 0;
				GCC_PREPROCESSOR_DEFINITIONS = (
					"DEBUG=1",
					"$(inherited)",
				);
				GCC_SYMBOLS_PRIVATE_EXTERN = NO;
				GCC_WARN_64_TO_32_BIT_CONVERSION = YES;
				GCC_WARN_ABOUT_RETURN_TYPE = YES_ERROR;
				GCC_WARN_UNDECLARED_SELECTOR = YES;
				GCC_WARN_UNINITIALIZED_AUTOS = YES_AGGRESSIVE;
				GCC_WARN_UNUSED_FUNCTION = YES;
				GCC_WARN_UNUSED_VARIABLE = YES;
				MACOSX_DEPLOYMENT_TARGET = 10.9;
				MTL_ENABLE_DEBUG_INFO = YES;
				ONLY_ACTIVE_ARCH = YES;
				SDKROOT = macosx;
			};
			name = Debug;
		};
		5FED306A1AA5C89000164BC1 /* Release */ = {
			isa = XCBuildConfiguration;
			buildSettings = {
				ALWAYS_SEARCH_USER_PATHS = NO;
				CLANG_CXX_LANGUAGE_STANDARD = "gnu++0x";
				CLANG_CXX_LIBRARY = "libc++";
				CLANG_ENABLE_MODULES = YES;
				CLANG_ENABLE_OBJC_ARC = YES;
				CLANG_WARN_BOOL_CONVERSION = YES;
				CLANG_WARN_CONSTANT_CONVERSION = YES;
				CLANG_WARN_DIRECT_OBJC_ISA_USAGE = YES_ERROR;
				CLANG_WARN_EMPTY_BODY = YES;
				CLANG_WARN_ENUM_CONVERSION = YES;
				CLANG_WARN_INT_CONVERSION = YES;
				CLANG_WARN_OBJC_ROOT_CLASS = YES_ERROR;
				CLANG_WARN_UNREACHABLE_CODE = YES;
				CLANG_WARN__DUPLICATE_METHOD_MATCH = YES;
				COPY_PHASE_STRIP = YES;
				DEBUG_INFORMATION_FORMAT = "dwarf-with-dsym";
				ENABLE_NS_ASSERTIONS = NO;
				ENABLE_STRICT_OBJC_MSGSEND = YES;
				GCC_C_LANGUAGE_STANDARD = gnu99;
				GCC_WARN_64_TO_32_BIT_CONVERSION = YES;
				GCC_WARN_ABOUT_RETURN_TYPE = YES_ERROR;
				GCC_WARN_UNDECLARED_SELECTOR = YES;
				GCC_WARN_UNINITIALIZED_AUTOS = YES_AGGRESSIVE;
				GCC_WARN_UNUSED_FUNCTION = YES;
				GCC_WARN_UNUSED_VARIABLE = YES;
				MACOSX_DEPLOYMENT_TARGET = 10.9;
				MTL_ENABLE_DEBUG_INFO = NO;
				SDKROOT = macosx;
			};
			name = Release;
		};
		5FED306C1AA5C89000164BC1 /* Debug */ = {
			isa = XCBuildConfiguration;
			buildSettings = {
				PRODUCT_NAME = "$(TARGET_NAME)";
			};
			name = Debug;
		};
		5FED306D1AA5C89000164BC1 /* Release */ = {
			isa = XCBuildConfiguration;
			buildSettings = {
				PRODUCT_NAME = "$(TARGET_NAME)";
			};
			name = Release;
		};
/* End XCBuildConfiguration section */

/* Begin XCConfigurationList section */
		5FED305F1AA5C89000164BC1 /* Build configuration list for PBXProject "cppVirtual" */ = {
			isa = XCConfigurationList;
			buildConfigurations = (
				5FED30691AA5C89000164BC1 /* Debug */,
				5FED306A1AA5C89000164BC1 /* Release */,
			);
			defaultConfigurationIsVisible = 0;
			defaultConfigurationName = Release;
		};
		5FED306B1AA5C89000164BC1 /* Build configuration list for PBXNativeTarget "cppVirtual" */ = {
			isa = XCConfigurationList;
			buildConfigurations = (
				5FED306C1AA5C89000164BC1 /* Debug */,
				5FED306D1AA5C89000164BC1 /* Release */,
			);
			defaultConfigurationIsVisible = 0;
		};
/* End XCConfigurationList section */
	};
	rootObject = 5FED305C1AA5C89000164BC1 /* Project object */;
}
